
Microsoft Visual Studio Solution File, Format Version 12.00
Project("{FAE04EC0-301F-11D3-BF4B-00C04F79EFBC}") = "BigFun.API", "BigFun.API\BigFun.API.csproj", "{DAE46EF8-CCCC-4C11-AB11-6AE4C39702CA}"
EndProject
Project("{FAE04EC0-301F-11D3-BF4B-00C04F79EFBC}") = "BigFun.API.Test", "BigFun.API.Test\BigFun.API.Test.csproj", "{8DE6AC3D-FC4F-49B6-9F6E-51F5258D9EBF}"
EndProject
Global
	GlobalSection(SolutionConfigurationPlatforms) = preSolution
		Debug|Any CPU = Debug|Any CPU
		Release|Any CPU = Release|Any CPU
	EndGlobalSection
	GlobalSection(ProjectConfigurationPlatforms) = postSolution
		{DAE46EF8-CCCC-4C11-AB11-6AE4C39702CA}.Debug|Any CPU.ActiveCfg = Debug|Any CPU
		{DAE46EF8-CCCC-4C11-AB11-6AE4C39702CA}.Debug|Any CPU.Build.0 = Debug|Any CPU
		{DAE46EF8-CCCC-4C11-AB11-6AE4C39702CA}.Release|Any CPU.ActiveCfg = Release|Any CPU
		{DAE46EF8-CCCC-4C11-AB11-6AE4C39702CA}.Release|Any CPU.Build.0 = Release|Any CPU
		{8DE6AC3D-FC4F-49B6-9F6E-51F5258D9EBF}.Debug|Any CPU.ActiveCfg = Debug|Any CPU
		{8DE6AC3D-FC4F-49B6-9F6E-51F5258D9EBF}.Debug|Any CPU.Build.0 = Debug|Any CPU
		{8DE6AC3D-FC4F-49B6-9F6E-51F5258D9EBF}.Release|Any CPU.ActiveCfg = Release|Any CPU
		{8DE6AC3D-FC4F-49B6-9F6E-51F5258D9EBF}.Release|Any CPU.Build.0 = Release|Any CPU
	EndGlobalSection
EndGlobal
